// !$*UTF8*$!
{
	archiveVersion = 1;
	classes = {
	};
	objectVersion = 46;
	objects = {

/* Begin PBXBuildFile section */
		EB0C9BED18080F3500AE5CC9 /* MyFirstViewController.m in Sources */ = {isa = PBXBuildFile; fileRef = EB0C9BEC18080F3500AE5CC9 /* MyFirstViewController.m */; };
		EB328936181AA28700F37297 /* SVProgressHUD.bundle in Resources */ = {isa = PBXBuildFile; fileRef = EB328933181AA28700F37297 /* SVProgressHUD.bundle */; };
		EB328937181AA28700F37297 /* SVProgressHUD.m in Sources */ = {isa = PBXBuildFile; fileRef = EB328935181AA28700F37297 /* SVProgressHUD.m */; };
		EB94E6701816A9940093DFF9 /* SDWebImage.framework in Frameworks */ = {isa = PBXBuildFile; fileRef = EB94E66F1816A9940093DFF9 /* SDWebImage.framework */; };
		EB94E6721816A9BF0093DFF9 /* ImageIO.framework in Frameworks */ = {isa = PBXBuildFile; fileRef = EB94E6711816A9BF0093DFF9 /* ImageIO.framework */; };
		EB94E6741816AA390093DFF9 /* download (1).jpeg in Resources */ = {isa = PBXBuildFile; fileRef = EB94E6731816AA390093DFF9 /* download (1).jpeg */; };
		EB94E6761816AC5F0093DFF9 /* index.jpg in Resources */ = {isa = PBXBuildFile; fileRef = EB94E6751816AC5F0093DFF9 /* index.jpg */; };
		EB94E67818177E8B0093DFF9 /* index.png in Resources */ = {isa = PBXBuildFile; fileRef = EB94E67718177E8B0093DFF9 /* index.png */; };
		EBA463EF181275B800797D62 /* MyTableViewController.m in Sources */ = {isa = PBXBuildFile; fileRef = EBA463EE181275B800797D62 /* MyTableViewController.m */; };
		EBA463F2181275D200797D62 /* MyDetailViewController.m in Sources */ = {isa = PBXBuildFile; fileRef = EBA463F1181275D200797D62 /* MyDetailViewController.m */; };
		EBE16D961806EA5100B81EC5 /* Foundation.framework in Frameworks */ = {isa = PBXBuildFile; fileRef = EBE16D951806EA5100B81EC5 /* Foundation.framework */; };
		EBE16D981806EA5100B81EC5 /* CoreGraphics.framework in Frameworks */ = {isa = PBXBuildFile; fileRef = EBE16D971806EA5100B81EC5 /* CoreGraphics.framework */; };
		EBE16D9A1806EA5100B81EC5 /* UIKit.framework in Frameworks */ = {isa = PBXBuildFile; fileRef = EBE16D991806EA5100B81EC5 /* UIKit.framework */; };
		EBE16D9C1806EA5100B81EC5 /* CoreData.framework in Frameworks */ = {isa = PBXBuildFile; fileRef = EBE16D9B1806EA5100B81EC5 /* CoreData.framework */; };
		EBE16DA21806EA5100B81EC5 /* InfoPlist.strings in Resources */ = {isa = PBXBuildFile; fileRef = EBE16DA01806EA5100B81EC5 /* InfoPlist.strings */; };
		EBE16DA41806EA5100B81EC5 /* main.m in Sources */ = {isa = PBXBuildFile; fileRef = EBE16DA31806EA5100B81EC5 /* main.m */; };
		EBE16DA81806EA5100B81EC5 /* AppDelegate.m in Sources */ = {isa = PBXBuildFile; fileRef = EBE16DA71806EA5100B81EC5 /* AppDelegate.m */; };
		EBE16DAB1806EA5100B81EC5 /* Main.storyboard in Resources */ = {isa = PBXBuildFile; fileRef = EBE16DA91806EA5100B81EC5 /* Main.storyboard */; };
		EBE16DAE1806EA5100B81EC5 /* VikashExercise.xcdatamodeld in Sources */ = {isa = PBXBuildFile; fileRef = EBE16DAC1806EA5100B81EC5 /* VikashExercise.xcdatamodeld */; };
		EBE16DB61806EA5100B81EC5 /* Images.xcassets in Resources */ = {isa = PBXBuildFile; fileRef = EBE16DB51806EA5100B81EC5 /* Images.xcassets */; };
		EBE16DBD1806EA5100B81EC5 /* XCTest.framework in Frameworks */ = {isa = PBXBuildFile; fileRef = EBE16DBC1806EA5100B81EC5 /* XCTest.framework */; };
		EBE16DBE1806EA5100B81EC5 /* Foundation.framework in Frameworks */ = {isa = PBXBuildFile; fileRef = EBE16D951806EA5100B81EC5 /* Foundation.framework */; };
		EBE16DBF1806EA5100B81EC5 /* UIKit.framework in Frameworks */ = {isa = PBXBuildFile; fileRef = EBE16D991806EA5100B81EC5 /* UIKit.framework */; };
		EBE16DC01806EA5100B81EC5 /* CoreData.framework in Frameworks */ = {isa = PBXBuildFile; fileRef = EBE16D9B1806EA5100B81EC5 /* CoreData.framework */; };
		EBE16DC81806EA5100B81EC5 /* InfoPlist.strings in Resources */ = {isa = PBXBuildFile; fileRef = EBE16DC61806EA5100B81EC5 /* InfoPlist.strings */; };
		EBE16DCA1806EA5100B81EC5 /* VikashExerciseTests.m in Sources */ = {isa = PBXBuildFile; fileRef = EBE16DC91806EA5100B81EC5 /* VikashExerciseTests.m */; };
		EBE16DD41806EAB700B81EC5 /* FacebookSDK.framework in Frameworks */ = {isa = PBXBuildFile; fileRef = EBE16DD31806EAB700B81EC5 /* FacebookSDK.framework */; };
		EBE16DD61806EB0300B81EC5 /* FBUserSettingsViewResources.bundle in Resources */ = {isa = PBXBuildFile; fileRef = EBE16DD51806EB0300B81EC5 /* FBUserSettingsViewResources.bundle */; };
		EBE16DDA1806EB4800B81EC5 /* Accounts.framework in Frameworks */ = {isa = PBXBuildFile; fileRef = EBE16DD71806EB4800B81EC5 /* Accounts.framework */; };
		EBE16DDB1806EB4800B81EC5 /* AdSupport.framework in Frameworks */ = {isa = PBXBuildFile; fileRef = EBE16DD81806EB4800B81EC5 /* AdSupport.framework */; };
		EBE16DDC1806EB4800B81EC5 /* Social.framework in Frameworks */ = {isa = PBXBuildFile; fileRef = EBE16DD91806EB4800B81EC5 /* Social.framework */; };
/* End PBXBuildFile section */

/* Begin PBXContainerItemProxy section */
		EBE16DC11806EA5100B81EC5 /* PBXContainerItemProxy */ = {
			isa = PBXContainerItemProxy;
			containerPortal = EBE16D8A1806EA5100B81EC5 /* Project object */;
			proxyType = 1;
			remoteGlobalIDString = EBE16D911806EA5100B81EC5;
			remoteInfo = VikashExercise;
		};
/* End PBXContainerItemProxy section */

/* Begin PBXFileReference section */
		EB0C9BEB18080F3500AE5CC9 /* MyFirstViewController.h */ = {isa = PBXFileReference; fileEncoding = 4; lastKnownFileType = sourcecode.c.h; path = MyFirstViewController.h; sourceTree = "<group>"; };
		EB0C9BEC18080F3500AE5CC9 /* MyFirstViewController.m */ = {isa = PBXFileReference; fileEncoding = 4; lastKnownFileType = sourcecode.c.objc; path = MyFirstViewController.m; sourceTree = "<group>"; };
		EB328932181AA28700F37297 /* SVProgressHUD-Prefix.pch */ = {isa = PBXFileReference; fileEncoding = 4; lastKnownFileType = sourcecode.c.h; path = "SVProgressHUD-Prefix.pch"; sourceTree = "<group>"; };
		EB328933181AA28700F37297 /* SVProgressHUD.bundle */ = {isa = PBXFileReference; lastKnownFileType = "wrapper.plug-in"; path = SVProgressHUD.bundle; sourceTree = "<group>"; };
		EB328934181AA28700F37297 /* SVProgressHUD.h */ = {isa = PBXFileReference; fileEncoding = 4; lastKnownFileType = sourcecode.c.h; path = SVProgressHUD.h; sourceTree = "<group>"; };
		EB328935181AA28700F37297 /* SVProgressHUD.m */ = {isa = PBXFileReference; fileEncoding = 4; lastKnownFileType = sourcecode.c.objc; path = SVProgressHUD.m; sourceTree = "<group>"; };
		EB94E66F1816A9940093DFF9 /* SDWebImage.framework */ = {isa = PBXFileReference; lastKnownFileType = wrapper.framework; path = SDWebImage.framework; sourceTree = "<group>"; };
		EB94E6711816A9BF0093DFF9 /* ImageIO.framework */ = {isa = PBXFileReference; lastKnownFileType = wrapper.framework; name = ImageIO.framework; path = System/Library/Frameworks/ImageIO.framework; sourceTree = SDKROOT; };
		EB94E6731816AA390093DFF9 /* download (1).jpeg */ = {isa = PBXFileReference; lastKnownFileType = image.jpeg; path = "download (1).jpeg"; sourceTree = "<group>"; };
		EB94E6751816AC5F0093DFF9 /* index.jpg */ = {isa = PBXFileReference; lastKnownFileType = image.jpeg; name = index.jpg; path = VikashExerciseTests/index.jpg; sourceTree = SOURCE_ROOT; };
		EB94E67718177E8B0093DFF9 /* index.png */ = {isa = PBXFileReference; lastKnownFileType = image.png; path = index.png; sourceTree = "<group>"; };
		EBA463ED181275B800797D62 /* MyTableViewController.h */ = {isa = PBXFileReference; fileEncoding = 4; lastKnownFileType = sourcecode.c.h; path = MyTableViewController.h; sourceTree = "<group>"; };
		EBA463EE181275B800797D62 /* MyTableViewController.m */ = {isa = PBXFileReference; fileEncoding = 4; lastKnownFileType = sourcecode.c.objc; path = MyTableViewController.m; sourceTree = "<group>"; };
		EBA463F0181275D200797D62 /* MyDetailViewController.h */ = {isa = PBXFileReference; fileEncoding = 4; lastKnownFileType = sourcecode.c.h; path = MyDetailViewController.h; sourceTree = "<group>"; };
		EBA463F1181275D200797D62 /* MyDetailViewController.m */ = {isa = PBXFileReference; fileEncoding = 4; lastKnownFileType = sourcecode.c.objc; path = MyDetailViewController.m; sourceTree = "<group>"; };
		EBE16D921806EA5100B81EC5 /* VikashExercise.app */ = {isa = PBXFileReference; explicitFileType = wrapper.application; includeInIndex = 0; path = VikashExercise.app; sourceTree = BUILT_PRODUCTS_DIR; };
		EBE16D951806EA5100B81EC5 /* Foundation.framework */ = {isa = PBXFileReference; lastKnownFileType = wrapper.framework; name = Foundation.framework; path = System/Library/Frameworks/Foundation.framework; sourceTree = SDKROOT; };
		EBE16D971806EA5100B81EC5 /* CoreGraphics.framework */ = {isa = PBXFileReference; lastKnownFileType = wrapper.framework; name = CoreGraphics.framework; path = System/Library/Frameworks/CoreGraphics.framework; sourceTree = SDKROOT; };
		EBE16D991806EA5100B81EC5 /* UIKit.framework */ = {isa = PBXFileReference; lastKnownFileType = wrapper.framework; name = UIKit.framework; path = System/Library/Frameworks/UIKit.framework; sourceTree = SDKROOT; };
		EBE16D9B1806EA5100B81EC5 /* CoreData.framework */ = {isa = PBXFileReference; lastKnownFileType = wrapper.framework; name = CoreData.framework; path = System/Library/Frameworks/CoreData.framework; sourceTree = SDKROOT; };
		EBE16D9F1806EA5100B81EC5 /* VikashExercise-Info.plist */ = {isa = PBXFileReference; lastKnownFileType = text.plist.xml; path = "VikashExercise-Info.plist"; sourceTree = "<group>"; };
		EBE16DA11806EA5100B81EC5 /* en */ = {isa = PBXFileReference; lastKnownFileType = text.plist.strings; name = en; path = en.lproj/InfoPlist.strings; sourceTree = "<group>"; };
		EBE16DA31806EA5100B81EC5 /* main.m */ = {isa = PBXFileReference; lastKnownFileType = sourcecode.c.objc; path = main.m; sourceTree = "<group>"; };
		EBE16DA51806EA5100B81EC5 /* VikashExercise-Prefix.pch */ = {isa = PBXFileReference; lastKnownFileType = sourcecode.c.h; path = "VikashExercise-Prefix.pch"; sourceTree = "<group>"; };
		EBE16DA61806EA5100B81EC5 /* AppDelegate.h */ = {isa = PBXFileReference; lastKnownFileType = sourcecode.c.h; path = AppDelegate.h; sourceTree = "<group>"; };
		EBE16DA71806EA5100B81EC5 /* AppDelegate.m */ = {isa = PBXFileReference; lastKnownFileType = sourcecode.c.objc; path = AppDelegate.m; sourceTree = "<group>"; };
		EBE16DAA1806EA5100B81EC5 /* Base */ = {isa = PBXFileReference; lastKnownFileType = file.storyboard; name = Base; path = Base.lproj/Main.storyboard; sourceTree = "<group>"; };
		EBE16DAD1806EA5100B81EC5 /* VikashExercise.xcdatamodel */ = {isa = PBXFileReference; lastKnownFileType = wrapper.xcdatamodel; path = VikashExercise.xcdatamodel; sourceTree = "<group>"; };
		EBE16DB51806EA5100B81EC5 /* Images.xcassets */ = {isa = PBXFileReference; lastKnownFileType = folder.assetcatalog; path = Images.xcassets; sourceTree = "<group>"; };
		EBE16DBB1806EA5100B81EC5 /* VikashExerciseTests.xctest */ = {isa = PBXFileReference; explicitFileType = wrapper.cfbundle; includeInIndex = 0; path = VikashExerciseTests.xctest; sourceTree = BUILT_PRODUCTS_DIR; };
		EBE16DBC1806EA5100B81EC5 /* XCTest.framework */ = {isa = PBXFileReference; lastKnownFileType = wrapper.framework; name = XCTest.framework; path = Library/Frameworks/XCTest.framework; sourceTree = DEVELOPER_DIR; };
		EBE16DC51806EA5100B81EC5 /* VikashExerciseTests-Info.plist */ = {isa = PBXFileReference; lastKnownFileType = text.plist.xml; path = "VikashExerciseTests-Info.plist"; sourceTree = "<group>"; };
		EBE16DC71806EA5100B81EC5 /* en */ = {isa = PBXFileReference; lastKnownFileType = text.plist.strings; name = en; path = en.lproj/InfoPlist.strings; sourceTree = "<group>"; };
		EBE16DC91806EA5100B81EC5 /* VikashExerciseTests.m */ = {isa = PBXFileReference; lastKnownFileType = sourcecode.c.objc; path = VikashExerciseTests.m; sourceTree = "<group>"; };
		EBE16DD31806EAB700B81EC5 /* FacebookSDK.framework */ = {isa = PBXFileReference; lastKnownFileType = wrapper.framework; name = FacebookSDK.framework; path = ../../../../Documents/FacebookSDK/FacebookSDK.framework; sourceTree = "<group>"; };
		EBE16DD51806EB0300B81EC5 /* FBUserSettingsViewResources.bundle */ = {isa = PBXFileReference; lastKnownFileType = "wrapper.plug-in"; name = FBUserSettingsViewResources.bundle; path = ../../../../Documents/FacebookSDK/FacebookSDK.framework/Versions/A/Resources/FBUserSettingsViewResources.bundle; sourceTree = "<group>"; };
		EBE16DD71806EB4800B81EC5 /* Accounts.framework */ = {isa = PBXFileReference; lastKnownFileType = wrapper.framework; name = Accounts.framework; path = System/Library/Frameworks/Accounts.framework; sourceTree = SDKROOT; };
		EBE16DD81806EB4800B81EC5 /* AdSupport.framework */ = {isa = PBXFileReference; lastKnownFileType = wrapper.framework; name = AdSupport.framework; path = System/Library/Frameworks/AdSupport.framework; sourceTree = SDKROOT; };
		EBE16DD91806EB4800B81EC5 /* Social.framework */ = {isa = PBXFileReference; lastKnownFileType = wrapper.framework; name = Social.framework; path = System/Library/Frameworks/Social.framework; sourceTree = SDKROOT; };
/* End PBXFileReference section */

/* Begin PBXFrameworksBuildPhase section */
		EBE16D8F1806EA5100B81EC5 /* Frameworks */ = {
			isa = PBXFrameworksBuildPhase;
			buildActionMask = 2147483647;
			files = (
				EB94E6721816A9BF0093DFF9 /* ImageIO.framework in Frameworks */,
				EBE16DDA1806EB4800B81EC5 /* Accounts.framework in Frameworks */,
				EBE16DDB1806EB4800B81EC5 /* AdSupport.framework in Frameworks */,
				EBE16DDC1806EB4800B81EC5 /* Social.framework in Frameworks */,
				EBE16D981806EA5100B81EC5 /* CoreGraphics.framework in Frameworks */,
				EBE16DD41806EAB700B81EC5 /* FacebookSDK.framework in Frameworks */,
				EBE16D9C1806EA5100B81EC5 /* CoreData.framework in Frameworks */,
				EBE16D9A1806EA5100B81EC5 /* UIKit.framework in Frameworks */,
				EB94E6701816A9940093DFF9 /* SDWebImage.framework in Frameworks */,
				EBE16D961806EA5100B81EC5 /* Foundation.framework in Frameworks */,
			);
			runOnlyForDeploymentPostprocessing = 0;
		};
		EBE16DB81806EA5100B81EC5 /* Frameworks */ = {
			isa = PBXFrameworksBuildPhase;
			buildActionMask = 2147483647;
			files = (
				EBE16DBD1806EA5100B81EC5 /* XCTest.framework in Frameworks */,
				EBE16DC01806EA5100B81EC5 /* CoreData.framework in Frameworks */,
				EBE16DBF1806EA5100B81EC5 /* UIKit.framework in Frameworks */,
				EBE16DBE1806EA5100B81EC5 /* Foundation.framework in Frameworks */,
			);
			runOnlyForDeploymentPostprocessing = 0;
		};
/* End PBXFrameworksBuildPhase section */

/* Begin PBXGroup section */
		EBE16D891806EA5100B81EC5 = {
			isa = PBXGroup;
			children = (
				EBE16D9D1806EA5100B81EC5 /* VikashExercise */,
				EBE16DC31806EA5100B81EC5 /* VikashExerciseTests */,
				EBE16D941806EA5100B81EC5 /* Frameworks */,
				EBE16D931806EA5100B81EC5 /* Products */,
			);
			sourceTree = "<group>";
		};
		EBE16D931806EA5100B81EC5 /* Products */ = {
			isa = PBXGroup;
			children = (
				EBE16D921806EA5100B81EC5 /* VikashExercise.app */,
				EBE16DBB1806EA5100B81EC5 /* VikashExerciseTests.xctest */,
			);
			name = Products;
			sourceTree = "<group>";
		};
		EBE16D941806EA5100B81EC5 /* Frameworks */ = {
			isa = PBXGroup;
			children = (
				EB94E6711816A9BF0093DFF9 /* ImageIO.framework */,
				EB94E66F1816A9940093DFF9 /* SDWebImage.framework */,
				EBE16DD71806EB4800B81EC5 /* Accounts.framework */,
				EBE16DD81806EB4800B81EC5 /* AdSupport.framework */,
				EBE16DD91806EB4800B81EC5 /* Social.framework */,
				EBE16DD51806EB0300B81EC5 /* FBUserSettingsViewResources.bundle */,
				EBE16DD31806EAB700B81EC5 /* FacebookSDK.framework */,
				EBE16D951806EA5100B81EC5 /* Foundation.framework */,
				EBE16D971806EA5100B81EC5 /* CoreGraphics.framework */,
				EBE16D991806EA5100B81EC5 /* UIKit.framework */,
				EBE16D9B1806EA5100B81EC5 /* CoreData.framework */,
				EBE16DBC1806EA5100B81EC5 /* XCTest.framework */,
			);
			name = Frameworks;
			sourceTree = "<group>";
		};
		EBE16D9D1806EA5100B81EC5 /* VikashExercise */ = {
			isa = PBXGroup;
			children = (
				EBE16DA61806EA5100B81EC5 /* AppDelegate.h */,
				EBE16DA71806EA5100B81EC5 /* AppDelegate.m */,
				EBE16DA91806EA5100B81EC5 /* Main.storyboard */,
				EBE16DB51806EA5100B81EC5 /* Images.xcassets */,
				EBE16DAC1806EA5100B81EC5 /* VikashExercise.xcdatamodeld */,
				EB0C9BEB18080F3500AE5CC9 /* MyFirstViewController.h */,
				EB0C9BEC18080F3500AE5CC9 /* MyFirstViewController.m */,
				EBA463ED181275B800797D62 /* MyTableViewController.h */,
				EBA463EE181275B800797D62 /* MyTableViewController.m */,
				EBA463F0181275D200797D62 /* MyDetailViewController.h */,
				EBA463F1181275D200797D62 /* MyDetailViewController.m */,
				EBE16D9E1806EA5100B81EC5 /* Supporting Files */,
			);
			path = VikashExercise;
			sourceTree = "<group>";
		};
		EBE16D9E1806EA5100B81EC5 /* Supporting Files */ = {
			isa = PBXGroup;
			children = (
				EB328932181AA28700F37297 /* SVProgressHUD-Prefix.pch */,
				EB328933181AA28700F37297 /* SVProgressHUD.bundle */,
				EB328934181AA28700F37297 /* SVProgressHUD.h */,
				EB328935181AA28700F37297 /* SVProgressHUD.m */,
				EB94E67718177E8B0093DFF9 /* index.png */,
				EBE16D9F1806EA5100B81EC5 /* VikashExercise-Info.plist */,
				EBE16DA01806EA5100B81EC5 /* InfoPlist.strings */,
				EBE16DA31806EA5100B81EC5 /* main.m */,
				EB94E6751816AC5F0093DFF9 /* index.jpg */,
				EBE16DA51806EA5100B81EC5 /* VikashExercise-Prefix.pch */,
			);
			name = "Supporting Files";
			sourceTree = "<group>";
		};
		EBE16DC31806EA5100B81EC5 /* VikashExerciseTests */ = {
			isa = PBXGroup;
			children = (
				EBE16DC91806EA5100B81EC5 /* VikashExerciseTests.m */,
				EBE16DC41806EA5100B81EC5 /* Supporting Files */,
			);
			path = VikashExerciseTests;
			sourceTree = "<group>";
		};
		EBE16DC41806EA5100B81EC5 /* Supporting Files */ = {
			isa = PBXGroup;
			children = (
				EBE16DC51806EA5100B81EC5 /* VikashExerciseTests-Info.plist */,
				EBE16DC61806EA5100B81EC5 /* InfoPlist.strings */,
				EB94E6731816AA390093DFF9 /* download (1).jpeg */,
			);
			name = "Supporting Files";
			sourceTree = "<group>";
		};
/* End PBXGroup section */

/* Begin PBXNativeTarget section */
		EBE16D911806EA5100B81EC5 /* VikashExercise */ = {
			isa = PBXNativeTarget;
			buildConfigurationList = EBE16DCD1806EA5100B81EC5 /* Build configuration list for PBXNativeTarget "VikashExercise" */;
			buildPhases = (
				EBE16D8E1806EA5100B81EC5 /* Sources */,
				EBE16D8F1806EA5100B81EC5 /* Frameworks */,
				EBE16D901806EA5100B81EC5 /* Resources */,
			);
			buildRules = (
			);
			dependencies = (
			);
			name = VikashExercise;
			productName = VikashExercise;
			productReference = EBE16D921806EA5100B81EC5 /* VikashExercise.app */;
			productType = "com.apple.product-type.application";
		};
		EBE16DBA1806EA5100B81EC5 /* VikashExerciseTests */ = {
			isa = PBXNativeTarget;
			buildConfigurationList = EBE16DD01806EA5100B81EC5 /* Build configuration list for PBXNativeTarget "VikashExerciseTests" */;
			buildPhases = (
				EBE16DB71806EA5100B81EC5 /* Sources */,
				EBE16DB81806EA5100B81EC5 /* Frameworks */,
				EBE16DB91806EA5100B81EC5 /* Resources */,
			);
			buildRules = (
			);
			dependencies = (
				EBE16DC21806EA5100B81EC5 /* PBXTargetDependency */,
			);
			name = VikashExerciseTests;
			productName = VikashExerciseTests;
			productReference = EBE16DBB1806EA5100B81EC5 /* VikashExerciseTests.xctest */;
			productType = "com.apple.product-type.bundle.unit-test";
		};
/* End PBXNativeTarget section */

/* Begin PBXProject section */
		EBE16D8A1806EA5100B81EC5 /* Project object */ = {
			isa = PBXProject;
			attributes = {
				LastUpgradeCheck = 0500;
				ORGANIZATIONNAME = "Vikash Soni";
				TargetAttributes = {
					EBE16DBA1806EA5100B81EC5 = {
						TestTargetID = EBE16D911806EA5100B81EC5;
					};
				};
			};
			buildConfigurationList = EBE16D8D1806EA5100B81EC5 /* Build configuration list for PBXProject "VikashExercise" */;
			compatibilityVersion = "Xcode 3.2";
			developmentRegion = English;
			hasScannedForEncodings = 0;
			knownRegions = (
				en,
				Base,
			);
			mainGroup = EBE16D891806EA5100B81EC5;
			productRefGroup = EBE16D931806EA5100B81EC5 /* Products */;
			projectDirPath = "";
			projectRoot = "";
			targets = (
				EBE16D911806EA5100B81EC5 /* VikashExercise */,
				EBE16DBA1806EA5100B81EC5 /* VikashExerciseTests */,
			);
		};
/* End PBXProject section */

/* Begin PBXResourcesBuildPhase section */
		EBE16D901806EA5100B81EC5 /* Resources */ = {
			isa = PBXResourcesBuildPhase;
			buildActionMask = 2147483647;
			files = (
				EBE16DD61806EB0300B81EC5 /* FBUserSettingsViewResources.bundle in Resources */,
				EB328936181AA28700F37297 /* SVProgressHUD.bundle in Resources */,
				EB94E67818177E8B0093DFF9 /* index.png in Resources */,
				EBE16DB61806EA5100B81EC5 /* Images.xcassets in Resources */,
				EBE16DA21806EA5100B81EC5 /* InfoPlist.strings in Resources */,
				EBE16DAB1806EA5100B81EC5 /* Main.storyboard in Resources */,
			);
			runOnlyForDeploymentPostprocessing = 0;
		};
		EBE16DB91806EA5100B81EC5 /* Resources */ = {
			isa = PBXResourcesBuildPhase;
			buildActionMask = 2147483647;
			files = (
				EBE16DC81806EA5100B81EC5 /* InfoPlist.strings in Resources */,
				EB94E6741816AA390093DFF9 /* download (1).jpeg in Resources */,
				EB94E6761816AC5F0093DFF9 /* index.jpg in Resources */,
			);
			runOnlyForDeploymentPostprocessing = 0;
		};
/* End PBXResourcesBuildPhase section */

/* Begin PBXSourcesBuildPhase section */
		EBE16D8E1806EA5100B81EC5 /* Sources */ = {
			isa = PBXSourcesBuildPhase;
			buildActionMask = 2147483647;
			files = (
				EBE16DAE1806EA5100B81EC5 /* VikashExercise.xcdatamodeld in Sources */,
				EBA463EF181275B800797D62 /* MyTableViewController.m in Sources */,
				EBE16DA81806EA5100B81EC5 /* AppDelegate.m in Sources */,
				EB328937181AA28700F37297 /* SVProgressHUD.m in Sources */,
				EBE16DA41806EA5100B81EC5 /* main.m in Sources */,
				EB0C9BED18080F3500AE5CC9 /* MyFirstViewController.m in Sources */,
				EBA463F2181275D200797D62 /* MyDetailViewController.m in Sources */,
			);
			runOnlyForDeploymentPostprocessing = 0;
		};
		EBE16DB71806EA5100B81EC5 /* Sources */ = {
			isa = PBXSourcesBuildPhase;
			buildActionMask = 2147483647;
			files = (
				EBE16DCA1806EA5100B81EC5 /* VikashExerciseTests.m in Sources */,
			);
			runOnlyForDeploymentPostprocessing = 0;
		};
/* End PBXSourcesBuildPhase section */

/* Begin PBXTargetDependency section */
		EBE16DC21806EA5100B81EC5 /* PBXTargetDependency */ = {
			isa = PBXTargetDependency;
			target = EBE16D911806EA5100B81EC5 /* VikashExercise */;
			targetProxy = EBE16DC11806EA5100B81EC5 /* PBXContainerItemProxy */;
		};
/* End PBXTargetDependency section */

/* Begin PBXVariantGroup section */
		EBE16DA01806EA5100B81EC5 /* InfoPlist.strings */ = {
			isa = PBXVariantGroup;
			children = (
				EBE16DA11806EA5100B81EC5 /* en */,
			);
			name = InfoPlist.strings;
			sourceTree = "<group>";
		};
		EBE16DA91806EA5100B81EC5 /* Main.storyboard */ = {
			isa = PBXVariantGroup;
			children = (
				EBE16DAA1806EA5100B81EC5 /* Base */,
			);
			name = Main.storyboard;
			sourceTree = "<group>";
		};
		EBE16DC61806EA5100B81EC5 /* InfoPlist.strings */ = {
			isa = PBXVariantGroup;
			children = (
				EBE16DC71806EA5100B81EC5 /* en */,
			);
			name = InfoPlist.strings;
			sourceTree = "<group>";
		};
/* End PBXVariantGroup section */

/* Begin XCBuildConfiguration section */
		EBE16DCB1806EA5100B81EC5 /* Debug */ = {
			isa = XCBuildConfiguration;
			buildSettings = {
				ALWAYS_SEARCH_USER_PATHS = NO;
				ARCHS = "$(ARCHS_STANDARD_INCLUDING_64_BIT)";
				CLANG_CXX_LANGUAGE_STANDARD = "gnu++0x";
				CLANG_CXX_LIBRARY = "libc++";
				CLANG_ENABLE_MODULES = YES;
				CLANG_ENABLE_OBJC_ARC = YES;
				CLANG_WARN_BOOL_CONVERSION = YES;
				CLANG_WARN_CONSTANT_CONVERSION = YES;
				CLANG_WARN_DIRECT_OBJC_ISA_USAGE = YES_ERROR;
				CLANG_WARN_EMPTY_BODY = YES;
				CLANG_WARN_ENUM_CONVERSION = YES;
				CLANG_WARN_INT_CONVERSION = YES;
				CLANG_WARN_OBJC_ROOT_CLASS = YES_ERROR;
				CLANG_WARN__DUPLICATE_METHOD_MATCH = YES;
				"CODE_SIGN_IDENTITY[sdk=iphoneos*]" = "iPhone Developer";
				COPY_PHASE_STRIP = NO;
				GCC_C_LANGUAGE_STANDARD = gnu99;
				GCC_DYNAMIC_NO_PIC = NO;
				GCC_OPTIMIZATION_LEVEL = 0;
				GCC_PREPROCESSOR_DEFINITIONS = (
					"DEBUG=1",
					"$(inherited)",
				);
				GCC_SYMBOLS_PRIVATE_EXTERN = NO;
				GCC_WARN_64_TO_32_BIT_CONVERSION = YES;
				GCC_WARN_ABOUT_RETURN_TYPE = YES_ERROR;
				GCC_WARN_UNDECLARED_SELECTOR = YES;
				GCC_WARN_UNINITIALIZED_AUTOS = YES;
				GCC_WARN_UNUSED_FUNCTION = YES;
				GCC_WARN_UNUSED_VARIABLE = YES;
				IPHONEOS_DEPLOYMENT_TARGET = 7.0;
				ONLY_ACTIVE_ARCH = YES;
				SDKROOT = iphoneos;
			};
			name = Debug;
		};
		EBE16DCC1806EA5100B81EC5 /* Release */ = {
			isa = XCBuildConfiguration;
			buildSettings = {
				ALWAYS_SEARCH_USER_PATHS = NO;
				ARCHS = "$(ARCHS_STANDARD_INCLUDING_64_BIT)";
				CLANG_CXX_LANGUAGE_STANDARD = "gnu++0x";
				CLANG_CXX_LIBRARY = "libc++";
				CLANG_ENABLE_MODULES = YES;
				CLANG_ENABLE_OBJC_ARC = YES;
				CLANG_WARN_BOOL_CONVERSION = YES;
				CLANG_WARN_CONSTANT_CONVERSION = YES;
				CLANG_WARN_DIRECT_OBJC_ISA_USAGE = YES_ERROR;
				CLANG_WARN_EMPTY_BODY = YES;
				CLANG_WARN_ENUM_CONVERSION = YES;
				CLANG_WARN_INT_CONVERSION = YES;
				CLANG_WARN_OBJC_ROOT_CLASS = YES_ERROR;
				CLANG_WARN__DUPLICATE_METHOD_MATCH = YES;
				"CODE_SIGN_IDENTITY[sdk=iphoneos*]" = "iPhone Developer";
				COPY_PHASE_STRIP = YES;
				ENABLE_NS_ASSERTIONS = NO;
				GCC_C_LANGUAGE_STANDARD = gnu99;
				GCC_WARN_64_TO_32_BIT_CONVERSION = YES;
				GCC_WARN_ABOUT_RETURN_TYPE = YES_ERROR;
				GCC_WARN_UNDECLARED_SELECTOR = YES;
				GCC_WARN_UNINITIALIZED_AUTOS = YES;
				GCC_WARN_UNUSED_FUNCTION = YES;
				GCC_WARN_UNUSED_VARIABLE = YES;
				IPHONEOS_DEPLOYMENT_TARGET = 7.0;
				SDKROOT = iphoneos;
				VALIDATE_PRODUCT = YES;
			};
			name = Release;
		};
		EBE16DCE1806EA5100B81EC5 /* Debug */ = {
			isa = XCBuildConfiguration;
			buildSettings = {
				ASSETCATALOG_COMPILER_APPICON_NAME = AppIcon;
				ASSETCATALOG_COMPILER_LAUNCHIMAGE_NAME = LaunchImage;
				FRAMEWORK_SEARCH_PATHS = (
					"$(inherited)",
					/Documents/FacebookSDK,
					/Users/vikashsoni/Desktop/VikashExercise,
				);
				GCC_PRECOMPILE_PREFIX_HEADER = YES;
				GCC_PREFIX_HEADER = "VikashExercise/VikashExercise-Prefix.pch";
				INFOPLIST_FILE = "VikashExercise/VikashExercise-Info.plist";
				IPHONEOS_DEPLOYMENT_TARGET = 7.0;
				OTHER_LDFLAGS = (
					"-lsqlite3.0",
					"-ObjC",
				);
				PRODUCT_NAME = "$(TARGET_NAME)";
				WRAPPER_EXTENSION = app;
			};
			name = Debug;
		};
		EBE16DCF1806EA5100B81EC5 /* Release */ = {
			isa = XCBuildConfiguration;
			buildSettings = {
				ASSETCATALOG_COMPILER_APPICON_NAME = AppIcon;
				ASSETCATALOG_COMPILER_LAUNCHIMAGE_NAME = LaunchImage;
				FRAMEWORK_SEARCH_PATHS = (
					"$(inherited)",
					/Documents/FacebookSDK,
					/Users/vikashsoni/Desktop/VikashExercise,
				);
				GCC_PRECOMPILE_PREFIX_HEADER = YES;
				GCC_PREFIX_HEADER = "VikashExercise/VikashExercise-Prefix.pch";
				INFOPLIST_FILE = "VikashExercise/VikashExercise-Info.plist";
				IPHONEOS_DEPLOYMENT_TARGET = 7.0;
				OTHER_LDFLAGS = (
					"-lsqlite3.0",
					"-ObjC",
				);
				PRODUCT_NAME = "$(TARGET_NAME)";
				WRAPPER_EXTENSION = app;
			};
			name = Release;
		};
		EBE16DD11806EA5100B81EC5 /* Debug */ = {
			isa = XCBuildConfiguration;
			buildSettings = {
				ARCHS = "$(ARCHS_STANDARD_INCLUDING_64_BIT)";
				BUNDLE_LOADER = "$(BUILT_PRODUCTS_DIR)/VikashExercise.app/VikashExercise";
				FRAMEWORK_SEARCH_PATHS = (
					"$(SDKROOT)/Developer/Library/Frameworks",
					"$(inherited)",
					"$(DEVELOPER_FRAMEWORKS_DIR)",
				);
				GCC_PRECOMPILE_PREFIX_HEADER = YES;
				GCC_PREFIX_HEADER = "VikashExercise/VikashExercise-Prefix.pch";
				GCC_PREPROCESSOR_DEFINITIONS = (
					"DEBUG=1",
					"$(inherited)",
				);
				INFOPLIST_FILE = "VikashExerciseTests/VikashExerciseTests-Info.plist";
				PRODUCT_NAME = "$(TARGET_NAME)";
				TEST_HOST = "$(BUNDLE_LOADER)";
				WRAPPER_EXTENSION = xctest;
			};
			name = Debug;
		};
		EBE16DD21806EA5100B81EC5 /* Release */ = {
			isa = XCBuildConfiguration;
			buildSettings = {
				ARCHS = "$(ARCHS_STANDARD_INCLUDING_64_BIT)";
				BUNDLE_LOADER = "$(BUILT_PRODUCTS_DIR)/VikashExercise.app/VikashExercise";
				FRAMEWORK_SEARCH_PATHS = (
					"$(SDKROOT)/Developer/Library/Frameworks",
					"$(inherited)",
					"$(DEVELOPER_FRAMEWORKS_DIR)",
				);
				GCC_PRECOMPILE_PREFIX_HEADER = YES;
				GCC_PREFIX_HEADER = "VikashExercise/VikashExercise-Prefix.pch";
				INFOPLIST_FILE = "VikashExerciseTests/VikashExerciseTests-Info.plist";
				PRODUCT_NAME = "$(TARGET_NAME)";
				TEST_HOST = "$(BUNDLE_LOADER)";
				WRAPPER_EXTENSION = xctest;
			};
			name = Release;
		};
/* End XCBuildConfiguration section */

/* Begin XCConfigurationList section */
		EBE16D8D1806EA5100B81EC5 /* Build configuration list for PBXProject "VikashExercise" */ = {
			isa = XCConfigurationList;
			buildConfigurations = (
				EBE16DCB1806EA5100B81EC5 /* Debug */,
				EBE16DCC1806EA5100B81EC5 /* Release */,
			);
			defaultConfigurationIsVisible = 0;
			defaultConfigurationName = Release;
		};
		EBE16DCD1806EA5100B81EC5 /* Build configuration list for PBXNativeTarget "VikashExercise" */ = {
			isa = XCConfigurationList;
			buildConfigurations = (
				EBE16DCE1806EA5100B81EC5 /* Debug */,
				EBE16DCF1806EA5100B81EC5 /* Release */,
			);
			defaultConfigurationIsVisible = 0;
			defaultConfigurationName = Release;
		};
		EBE16DD01806EA5100B81EC5 /* Build configuration list for PBXNativeTarget "VikashExerciseTests" */ = {
			isa = XCConfigurationList;
			buildConfigurations = (
				EBE16DD11806EA5100B81EC5 /* Debug */,
				EBE16DD21806EA5100B81EC5 /* Release */,
			);
			defaultConfigurationIsVisible = 0;
			defaultConfigurationName = Release;
		};
/* End XCConfigurationList section */

/* Begin XCVersionGroup section */
		EBE16DAC1806EA5100B81EC5 /* VikashExercise.xcdatamodeld */ = {
			isa = XCVersionGroup;
			children = (
				EBE16DAD1806EA5100B81EC5 /* VikashExercise.xcdatamodel */,
			);
			currentVersion = EBE16DAD1806EA5100B81EC5 /* VikashExercise.xcdatamodel */;
			path = VikashExercise.xcdatamodeld;
			sourceTree = "<group>";
			versionGroupType = wrapper.xcdatamodel;
		};
/* End XCVersionGroup section */
	};
	rootObject = EBE16D8A1806EA5100B81EC5 /* Project object */;
}
